// !$*UTF8*$!
{
	archiveVersion = 1;
	classes = {
	};
	objectVersion = 56;
	objects = {

/* Begin PBXBuildFile section */
		30C0B93F301BAFE3008C3749 /* ContentView.swift in Sources */ = {isa = PBXBuildFile; fileRef = 30C0B93E301BAFE3008C3749 /* ContentView.swift */; };
		30C0B941301BAFE7008C3749 /* Assets.xcassets in Resources */ = {isa = PBXBuildFile; fileRef = 30C0B940301BAFE7008C3749 /* Assets.xcassets */; };
		30C0B944301BAFE7008C3749 /* Preview Assets.xcassets in Resources */ = {isa = PBXBuildFile; fileRef = 30C0B943301BAFE7008C3749 /* Preview Assets.xcassets */; };
		30C0B94B301BAFEE008C3749 /* ExpenseTransaction.swift in Sources */ = {isa = PBXBuildFile; fileRef = 30C0B94A301BAFEE008C3749 /* ExpenseTransaction.swift */; };
		30C0B94F301BB049008C3749 /* AddExpenseView.swift in Sources */ = {isa = PBXBuildFile; fileRef = 30C0B94E301BB049008C3749 /* AddExpenseView.swift */; };
		30C0B951301BB084008C3749 /* DashboardView.swift in Sources */ = {isa = PBXBuildFile; fileRef = 30C0B950301BB084008C3749 /* DashboardView.swift */; };
		30C0B954301BB1CD008C3749 /* FirebaseAppCheck in Frameworks */ = {isa = PBXBuildFile; productRef = 30C0B953301BB1CD008C3749 /* FirebaseAppCheck */; };
		30C0B956301BB1CD008C3749 /* FirebaseDatabase in Frameworks */ = {isa = PBXBuildFile; productRef = 30C0B955301BB1CD008C3749 /* FirebaseDatabase */; };
		30C0B958301BB1CD008C3749 /* FirebaseFirestore in Frameworks */ = {isa = PBXBuildFile; productRef = 30C0B957301BB1CD008C3749 /* FirebaseFirestore */; };
		30C0B95A301BB1FA008C3749 /* GoogleService-Info.plist in Resources */ = {isa = PBXBuildFile; fileRef = 30C0B959301BB1FA008C3749 /* GoogleService-Info.plist */; };
		30C0B95C301BB249008C3749 /* AppDelegate.swift in Sources */ = {isa = PBXBuildFile; fileRef = 30C0B95B301BB249008C3749 /* AppDelegate.swift */; };
		30C0B95E301BB392008C3749 /* MainTabView.swift in Sources */ = {isa = PBXBuildFile; fileRef = 30C0B95D301BB392008C3749 /* MainTabView.swift */; };
		30C0B960301BB8DF008C3749 /* BudgetViewModel.swift in Sources */ = {isa = PBXBuildFile; fileRef = 30C0B95F301BB8DF008C3749 /* BudgetViewModel.swift */; };
		30C0B962301BBBE5008C3749 /* Expense.swift in Sources */ = {isa = PBXBuildFile; fileRef = 30C0B961301BBBE5008C3749 /* Expense.swift */; };
		30C0B964301BBEC0008C3749 /* UltraPremiumSettingsView.swift in Sources */ = {isa = PBXBuildFile; fileRef = 30C0B963301BBEC0008C3749 /* UltraPremiumSettingsView.swift */; };
		30C0B966301BC0C5008C3749 /* Array+RawRepresentable.swift in Sources */ = {isa = PBXBuildFile; fileRef = 30C0B965301BC0C5008C3749 /* Array+RawRepresentable.swift */; };
		30C0B968301BC360008C3749 /* UltraPremiumOnboardingView.swift in Sources */ = {isa = PBXBuildFile; fileRef = 30C0B967301BC360008C3749 /* UltraPremiumOnboardingView.swift */; };
		30CEA2EA301CADCD00159FAB /* UltraPremiumHistoryView.swift in Sources */ = {isa = PBXBuildFile; fileRef = 30CEA2E9301CADCD00159FAB /* UltraPremiumHistoryView.swift */; };
/* End PBXBuildFile section */

/* Begin PBXFileReference section */
		30C0B939301BAFE3008C3749 /* Expense Tracker.app */ = {isa = PBXFileReference; explicitFileType = wrapper.application; includeInIndex = 0; path = "Expense Tracker.app"; sourceTree = BUILT_PRODUCTS_DIR; };
		30C0B93E301BAFE3008C3749 /* ContentView.swift */ = {isa = PBXFileReference; lastKnownFileType = sourcecode.swift; path = ContentView.swift; sourceTree = "<group>"; };
		30C0B940301BAFE7008C3749 /* Assets.xcassets */ = {isa = PBXFileReference; lastKnownFileType = folder.assetcatalog; path = Assets.xcassets; sourceTree = "<group>"; };
		30C0B943301BAFE7008C3749 /* Preview Assets.xcassets */ = {isa = PBXFileReference; lastKnownFileType = folder.assetcatalog; path = "Preview Assets.xcassets"; sourceTree = "<group>"; };
		30C0B94A301BAFEE008C3749 /* ExpenseTransaction.swift */ = {isa = PBXFileReference; lastKnownFileType = sourcecode.swift; path = ExpenseTransaction.swift; sourceTree = "<group>"; };
		30C0B94E301BB049008C3749 /* AddExpenseView.swift */ = {isa = PBXFileReference; lastKnownFileType = sourcecode.swift; path = AddExpenseView.swift; sourceTree = "<group>"; };
		30C0B950301BB084008C3749 /* DashboardView.swift */ = {isa = PBXFileReference; lastKnownFileType = sourcecode.swift; path = DashboardView.swift; sourceTree = "<group>"; };
		30C0B959301BB1FA008C3749 /* GoogleService-Info.plist */ = {isa = PBXFileReference; fileEncoding = 4; lastKnownFileType = text.plist.xml; path = "GoogleService-Info.plist"; sourceTree = "<group>"; };
		30C0B95B301BB249008C3749 /* AppDelegate.swift */ = {isa = PBXFileReference; lastKnownFileType = sourcecode.swift; path = AppDelegate.swift; sourceTree = "<group>"; };
		30C0B95D301BB392008C3749 /* MainTabView.swift */ = {isa = PBXFileReference; lastKnownFileType = sourcecode.swift; path = MainTabView.swift; sourceTree = "<group>"; };
		30C0B95F301BB8DF008C3749 /* BudgetViewModel.swift */ = {isa = PBXFileReference; lastKnownFileType = sourcecode.swift; path = BudgetViewModel.swift; sourceTree = "<group>"; };
		30C0B961301BBBE5008C3749 /* Expense.swift */ = {isa = PBXFileReference; lastKnownFileType = sourcecode.swift; path = Expense.swift; sourceTree = "<group>"; };
		30C0B963301BBEC0008C3749 /* UltraPremiumSettingsView.swift */ = {isa = PBXFileReference; lastKnownFileType = sourcecode.swift; path = UltraPremiumSettingsView.swift; sourceTree = "<group>"; };
		30C0B965301BC0C5008C3749 /* Array+RawRepresentable.swift */ = {isa = PBXFileReference; lastKnownFileType = sourcecode.swift; path = "Array+RawRepresentable.swift"; sourceTree = "<group>"; };
		30C0B967301BC360008C3749 /* UltraPremiumOnboardingView.swift */ = {isa = PBXFileReference; lastKnownFileType = sourcecode.swift; path = UltraPremiumOnboardingView.swift; sourceTree = "<group>"; };
		30CEA2E9301CADCD00159FAB /* UltraPremiumHistoryView.swift */ = {isa = PBXFileReference; lastKnownFileType = sourcecode.swift; path = UltraPremiumHistoryView.swift; sourceTree = "<group>"; };
/* End PBXFileReference section */

/* Begin PBXFrameworksBuildPhase section */
		30C0B936301BAFE3008C3749 /* Frameworks */ = {
			isa = PBXFrameworksBuildPhase;
			buildActionMask = 2147483647;
			files = (
				30C0B956301BB1CD008C3749 /* FirebaseDatabase in Frameworks */,
				30C0B954301BB1CD008C3749 /* FirebaseAppCheck in Frameworks */,
				30C0B958301BB1CD008C3749 /* FirebaseFirestore in Frameworks */,
			);
			runOnlyForDeploymentPostprocessing = 0;
		};
/* End PBXFrameworksBuildPhase section */

/* Begin PBXGroup section */
		30C0B930301BAFE3008C3749 = {
			isa = PBXGroup;
			children = (
				30C0B93B301BAFE3008C3749 /* Expense Tracker */,
				30C0B93A301BAFE3008C3749 /* Products */,
			);
			sourceTree = "<group>";
		};
		30C0B93A301BAFE3008C3749 /* Products */ = {
			isa = PBXGroup;
			children = (
				30C0B939301BAFE3008C3749 /* Expense Tracker.app */,
			);
			name = Products;
			sourceTree = "<group>";
		};
		30C0B93B301BAFE3008C3749 /* Expense Tracker */ = {
			isa = PBXGroup;
			children = (
				30C0B93E301BAFE3008C3749 /* ContentView.swift */,
				30C0B94A301BAFEE008C3749 /* ExpenseTransaction.swift */,
				30C0B94E301BB049008C3749 /* AddExpenseView.swift */,
				30C0B950301BB084008C3749 /* DashboardView.swift */,
				30C0B95D301BB392008C3749 /* MainTabView.swift */,
				30C0B95F301BB8DF008C3749 /* BudgetViewModel.swift */,
				30C0B961301BBBE5008C3749 /* Expense.swift */,
				30C0B963301BBEC0008C3749 /* UltraPremiumSettingsView.swift */,
				30C0B965301BC0C5008C3749 /* Array+RawRepresentable.swift */,
				30C0B967301BC360008C3749 /* UltraPremiumOnboardingView.swift */,
				30CEA2E9301CADCD00159FAB /* UltraPremiumHistoryView.swift */,
				30C0B940301BAFE7008C3749 /* Assets.xcassets */,
				30C0B959301BB1FA008C3749 /* GoogleService-Info.plist */,
				30C0B95B301BB249008C3749 /* AppDelegate.swift */,
				30C0B942301BAFE7008C3749 /* Preview Content */,
			);
			path = "Expense Tracker";
			sourceTree = "<group>";
		};
		30C0B942301BAFE7008C3749 /* Preview Content */ = {
			isa = PBXGroup;
			children = (
				30C0B943301BAFE7008C3749 /* Preview Assets.xcassets */,
			);
			path = "Preview Content";
			sourceTree = "<group>";
		};
/* End PBXGroup section */

/* Begin PBXNativeTarget section */
		30C0B938301BAFE3008C3749 /* Expense Tracker */ = {
			isa = PBXNativeTarget;
			buildConfigurationList = 30C0B947301BAFE7008C3749 /* Build configuration list for PBXNativeTarget "Expense Tracker" */;
			buildPhases = (
				30C0B935301BAFE3008C3749 /* Sources */,
				30C0B936301BAFE3008C3749 /* Frameworks */,
				30C0B937301BAFE3008C3749 /* Resources */,
			);
			buildRules = (
			);
			dependencies = (
			);
			name = "Expense Tracker";
			packageProductDependencies = (
				30C0B953301BB1CD008C3749 /* FirebaseAppCheck */,
				30C0B955301BB1CD008C3749 /* FirebaseDatabase */,
				30C0B957301BB1CD008C3749 /* FirebaseFirestore */,
			);
			productName = "Expense Tracker";
			productReference = 30C0B939301BAFE3008C3749 /* Expense Tracker.app */;
			productType = "com.apple.product-type.application";
		};
/* End PBXNativeTarget section */

/* Begin PBXProject section */
		30C0B931301BAFE3008C3749 /* Project object */ = {
			isa = PBXProject;
			attributes = {
				BuildIndependentTargetsInParallel = 1;
				LastSwiftUpdateCheck = 1520;
				LastUpgradeCheck = 1520;
				TargetAttributes = {
					30C0B938301BAFE3008C3749 = {
						CreatedOnToolsVersion = 15.2;
					};
				};
			};
			buildConfigurationList = 30C0B934301BAFE3008C3749 /* Build configuration list for PBXProject "Expense Tracker" */;
			compatibilityVersion = "Xcode 14.0";
			developmentRegion = en;
			hasScannedForEncodings = 0;
			knownRegions = (
				en,
				Base,
			);
			mainGroup = 30C0B930301BAFE3008C3749;
			packageReferences = (
				30C0B952301BB1CD008C3749 /* XCRemoteSwiftPackageReference "firebase-ios-sdk" */,
			);
			productRefGroup = 30C0B93A301BAFE3008C3749 /* Products */;
			projectDirPath = "";
			projectRoot = "";
			targets = (
				30C0B938301BAFE3008C3749 /* Expense Tracker */,
			);
		};
/* End PBXProject section */

/* Begin PBXResourcesBuildPhase section */
		30C0B937301BAFE3008C3749 /* Resources */ = {
			isa = PBXResourcesBuildPhase;
			buildActionMask = 2147483647;
			files = (
				30C0B944301BAFE7008C3749 /* Preview Assets.xcassets in Resources */,
				30C0B95A301BB1FA008C3749 /* GoogleService-Info.plist in Resources */,
				30C0B941301BAFE7008C3749 /* Assets.xcassets in Resources */,
			);
			runOnlyForDeploymentPostprocessing = 0;
		};
/* End PBXResourcesBuildPhase section */

/* Begin PBXSourcesBuildPhase section */
		30C0B935301BAFE3008C3749 /* Sources */ = {
			isa = PBXSourcesBuildPhase;
			buildActionMask = 2147483647;
			files = (
				30C0B962301BBBE5008C3749 /* Expense.swift in Sources */,
				30C0B964301BBEC0008C3749 /* UltraPremiumSettingsView.swift in Sources */,
				30C0B95C301BB249008C3749 /* AppDelegate.swift in Sources */,
				30C0B966301BC0C5008C3749 /* Array+RawRepresentable.swift in Sources */,
				30C0B94B301BAFEE008C3749 /* ExpenseTransaction.swift in Sources */,
				30C0B968301BC360008C3749 /* UltraPremiumOnboardingView.swift in Sources */,
				30C0B960301BB8DF008C3749 /* BudgetViewModel.swift in Sources */,
				30C0B93F301BAFE3008C3749 /* ContentView.swift in Sources */,
				30CEA2EA301CADCD00159FAB /* UltraPremiumHistoryView.swift in Sources */,
				30C0B951301BB084008C3749 /* DashboardView.swift in Sources */,
				30C0B94F301BB049008C3749 /* AddExpenseView.swift in Sources */,
				30C0B95E301BB392008C3749 /* MainTabView.swift in Sources */,
			);
			runOnlyForDeploymentPostprocessing = 0;
		};
/* End PBXSourcesBuildPhase section */

/* Begin XCBuildConfiguration section */
		30C0B945301BAFE7008C3749 /* Debug */ = {
			isa = XCBuildConfiguration;
			buildSettings = {
				ALWAYS_SEARCH_USER_PATHS = NO;
				ASSETCATALOG_COMPILER_GENERATE_SWIFT_ASSET_SYMBOL_EXTENSIONS = YES;
				CLANG_ANALYZER_NONNULL = YES;
				CLANG_ANALYZER_NUMBER_OBJECT_CONVERSION = YES_AGGRESSIVE;
				CLANG_CXX_LANGUAGE_STANDARD = "gnu++20";
				CLANG_ENABLE_MODULES = YES;
				CLANG_ENABLE_OBJC_ARC = YES;
				CLANG_ENABLE_OBJC_WEAK = YES;
				CLANG_WARN_BLOCK_CAPTURE_AUTORELEASING = YES;
				CLANG_WARN_BOOL_CONVERSION = YES;
				CLANG_WARN_COMMA = YES;
				CLANG_WARN_CONSTANT_CONVERSION = YES;
				CLANG_WARN_DEPRECATED_OBJC_IMPLEMENTATIONS = YES;
				CLANG_WARN_DIRECT_OBJC_ISA_USAGE = YES_ERROR;
				CLANG_WARN_DOCUMENTATION_COMMENTS = YES;
				CLANG_WARN_EMPTY_BODY = YES;
				CLANG_WARN_ENUM_CONVERSION = YES;
				CLANG_WARN_INFINITE_RECURSION = YES;
				CLANG_WARN_INT_CONVERSION = YES;
				CLANG_WARN_NON_LITERAL_NULL_CONVERSION = YES;
				CLANG_WARN_OBJC_IMPLICIT_RETAIN_SELF = YES;
				CLANG_WARN_OBJC_LITERAL_CONVERSION = YES;
				CLANG_WARN_OBJC_ROOT_CLASS = YES_ERROR;
				CLANG_WARN_QUOTED_INCLUDE_IN_FRAMEWORK_HEADER = YES;
				CLANG_WARN_RANGE_LOOP_ANALYSIS = YES;
				CLANG_WARN_STRICT_PROTOTYPES = YES;
				CLANG_WARN_SUSPICIOUS_MOVE = YES;
				CLANG_WARN_UNGUARDED_AVAILABILITY = YES_AGGRESSIVE;
				CLANG_WARN_UNREACHABLE_CODE = YES;
				CLANG_WARN__DUPLICATE_METHOD_MATCH = YES;
				COPY_PHASE_STRIP = NO;
				DEBUG_INFORMATION_FORMAT = dwarf;
				ENABLE_STRICT_OBJC_MSGSEND = YES;
				ENABLE_TESTABILITY = YES;
				ENABLE_USER_SCRIPT_SANDBOXING = YES;
				GCC_C_LANGUAGE_STANDARD = gnu17;
				GCC_DYNAMIC_NO_PIC = NO;
				GCC_NO_COMMON_BLOCKS = YES;
				GCC_OPTIMIZATION_LEVEL = 0;
				GCC_PREPROCESSOR_DEFINITIONS = (
					"DEBUG=1",
					"$(inherited)",
				);
				GCC_WARN_64_TO_32_BIT_CONVERSION = YES;
				GCC_WARN_ABOUT_RETURN_TYPE = YES_ERROR;
				GCC_WARN_UNDECLARED_SELECTOR = YES;
				GCC_WARN_UNINITIALIZED_AUTOS = YES_AGGRESSIVE;
				GCC_WARN_UNUSED_FUNCTION = YES;
				GCC_WARN_UNUSED_VARIABLE = YES;
				IPHONEOS_DEPLOYMENT_TARGET = 17.2;
				LOCALIZATION_PREFERS_STRING_CATALOGS = YES;
				MTL_ENABLE_DEBUG_INFO = INCLUDE_SOURCE;
				MTL_FAST_MATH = YES;
				ONLY_ACTIVE_ARCH = YES;
				SDKROOT = iphoneos;
				SWIFT_ACTIVE_COMPILATION_CONDITIONS = "DEBUG $(inherited)";
				SWIFT_OPTIMIZATION_LEVEL = "-Onone";
			};
			name = Debug;
		};
		30C0B946301BAFE7008C3749 /* Release */ = {
			isa = XCBuildConfiguration;
			buildSettings = {
				ALWAYS_SEARCH_USER_PATHS = NO;
				ASSETCATALOG_COMPILER_GENERATE_SWIFT_ASSET_SYMBOL_EXTENSIONS = YES;
				CLANG_ANALYZER_NONNULL = YES;
				CLANG_ANALYZER_NUMBER_OBJECT_CONVERSION = YES_AGGRESSIVE;
				CLANG_CXX_LANGUAGE_STANDARD = "gnu++20";
				CLANG_ENABLE_MODULES = YES;
				CLANG_ENABLE_OBJC_ARC = YES;
				CLANG_ENABLE_OBJC_WEAK = YES;
				CLANG_WARN_BLOCK_CAPTURE_AUTORELEASING = YES;
				CLANG_WARN_BOOL_CONVERSION = YES;
				CLANG_WARN_COMMA = YES;
				CLANG_WARN_CONSTANT_CONVERSION = YES;
				CLANG_WARN_DEPRECATED_OBJC_IMPLEMENTATIONS = YES;
				CLANG_WARN_DIRECT_OBJC_ISA_USAGE = YES_ERROR;
				CLANG_WARN_DOCUMENTATION_COMMENTS = YES;
				CLANG_WARN_EMPTY_BODY = YES;
				CLANG_WARN_ENUM_CONVERSION = YES;
				CLANG_WARN_INFINITE_RECURSION = YES;
				CLANG_WARN_INT_CONVERSION = YES;
				CLANG_WARN_NON_LITERAL_NULL_CONVERSION = YES;
				CLANG_WARN_OBJC_IMPLICIT_RETAIN_SELF = YES;
				CLANG_WARN_OBJC_LITERAL_CONVERSION = YES;
				CLANG_WARN_OBJC_ROOT_CLASS = YES_ERROR;
				CLANG_WARN_QUOTED_INCLUDE_IN_FRAMEWORK_HEADER = YES;
				CLANG_WARN_RANGE_LOOP_ANALYSIS = YES;
				CLANG_WARN_STRICT_PROTOTYPES = YES;
				CLANG_WARN_SUSPICIOUS_MOVE = YES;
				CLANG_WARN_UNGUARDED_AVAILABILITY = YES_AGGRESSIVE;
				CLANG_WARN_UNREACHABLE_CODE = YES;
				CLANG_WARN__DUPLICATE_METHOD_MATCH = YES;
				COPY_PHASE_STRIP = NO;
				DEBUG_INFORMATION_FORMAT = "dwarf-with-dsym";
				ENABLE_NS_ASSERTIONS = NO;
				ENABLE_STRICT_OBJC_MSGSEND = YES;
				ENABLE_USER_SCRIPT_SANDBOXING = YES;
				GCC_C_LANGUAGE_STANDARD = gnu17;
				GCC_NO_COMMON_BLOCKS = YES;
				GCC_WARN_64_TO_32_BIT_CONVERSION = YES;
				GCC_WARN_ABOUT_RETURN_TYPE = YES_ERROR;
				GCC_WARN_UNDECLARED_SELECTOR = YES;
				GCC_WARN_UNINITIALIZED_AUTOS = YES_AGGRESSIVE;
				GCC_WARN_UNUSED_FUNCTION = YES;
				GCC_WARN_UNUSED_VARIABLE = YES;
				IPHONEOS_DEPLOYMENT_TARGET = 17.2;
				LOCALIZATION_PREFERS_STRING_CATALOGS = YES;
				MTL_ENABLE_DEBUG_INFO = NO;
				MTL_FAST_MATH = YES;
				SDKROOT = iphoneos;
				SWIFT_COMPILATION_MODE = wholemodule;
				VALIDATE_PRODUCT = YES;
			};
			name = Release;
		};
		30C0B948301BAFE7008C3749 /* Debug */ = {
			isa = XCBuildConfiguration;
			buildSettings = {
				ASSETCATALOG_COMPILER_APPICON_NAME = AppIcon;
				ASSETCATALOG_COMPILER_GLOBAL_ACCENT_COLOR_NAME = AccentColor;
				CODE_SIGN_STYLE = Automatic;
				CURRENT_PROJECT_VERSION = 1;
				DEVELOPMENT_ASSET_PATHS = "\"Expense Tracker/Preview Content\"";
				DEVELOPMENT_TEAM = 3T8L6JZ6AS;
				ENABLE_PREVIEWS = YES;
				GENERATE_INFOPLIST_FILE = YES;
				INFOPLIST_KEY_UIApplicationSceneManifest_Generation = YES;
				INFOPLIST_KEY_UIApplicationSupportsIndirectInputEvents = YES;
				INFOPLIST_KEY_UILaunchScreen_Generation = YES;
				INFOPLIST_KEY_UISupportedInterfaceOrientations_iPad = "UIInterfaceOrientationPortrait UIInterfaceOrientationPortraitUpsideDown UIInterfaceOrientationLandscapeLeft UIInterfaceOrientationLandscapeRight";
				INFOPLIST_KEY_UISupportedInterfaceOrientations_iPhone = "UIInterfaceOrientationPortrait UIInterfaceOrientationLandscapeLeft UIInterfaceOrientationLandscapeRight";
				LD_RUNPATH_SEARCH_PATHS = (
					"$(inherited)",
					"@executable_path/Frameworks",
				);
				MARKETING_VERSION = 1.0;
				PRODUCT_BUNDLE_IDENTIFIER = "com.wahsh.Expense-Tracker";
				PRODUCT_NAME = "$(TARGET_NAME)";
				SWIFT_EMIT_LOC_STRINGS = YES;
				SWIFT_VERSION = 5.0;
				TARGETED_DEVICE_FAMILY = "1,2";
			};
			name = Debug;
		};
		30C0B949301BAFE7008C3749 /* Release */ = {
			isa = XCBuildConfiguration;
			buildSettings = {
				ASSETCATALOG_COMPILER_APPICON_NAME = AppIcon;
				ASSETCATALOG_COMPILER_GLOBAL_ACCENT_COLOR_NAME = AccentColor;
				CODE_SIGN_STYLE = Automatic;
				CURRENT_PROJECT_VERSION = 1;
				DEVELOPMENT_ASSET_PATHS = "\"Expense Tracker/Preview Content\"";
				DEVELOPMENT_TEAM = 3T8L6JZ6AS;
				ENABLE_PREVIEWS = YES;
				GENERATE_INFOPLIST_FILE = YES;
				INFOPLIST_KEY_UIApplicationSceneManifest_Generation = YES;
				INFOPLIST_KEY_UIApplicationSupportsIndirectInputEvents = YES;
				INFOPLIST_KEY_UILaunchScreen_Generation = YES;
				INFOPLIST_KEY_UISupportedInterfaceOrientations_iPad = "UIInterfaceOrientationPortrait UIInterfaceOrientationPortraitUpsideDown UIInterfaceOrientationLandscapeLeft UIInterfaceOrientationLandscapeRight";
				INFOPLIST_KEY_UISupportedInterfaceOrientations_iPhone = "UIInterfaceOrientationPortrait UIInterfaceOrientationLandscapeLeft UIInterfaceOrientationLandscapeRight";
				LD_RUNPATH_SEARCH_PATHS = (
					"$(inherited)",
					"@executable_path/Frameworks",
				);
				MARKETING_VERSION = 1.0;
				PRODUCT_BUNDLE_IDENTIFIER = "com.wahsh.Expense-Tracker";
				PRODUCT_NAME = "$(TARGET_NAME)";
				SWIFT_EMIT_LOC_STRINGS = YES;
				SWIFT_VERSION = 5.0;
				TARGETED_DEVICE_FAMILY = "1,2";
			};
			name = Release;
		};
/* End XCBuildConfiguration section */

/* Begin XCConfigurationList section */
		30C0B934301BAFE3008C3749 /* Build configuration list for PBXProject "Expense Tracker" */ = {
			isa = XCConfigurationList;
			buildConfigurations = (
				30C0B945301BAFE7008C3749 /* Debug */,
				30C0B946301BAFE7008C3749 /* Release */,
			);
			defaultConfigurationIsVisible = 0;
			defaultConfigurationName = Release;
		};
		30C0B947301BAFE7008C3749 /* Build configuration list for PBXNativeTarget "Expense Tracker" */ = {
			isa = XCConfigurationList;
			buildConfigurations = (
				30C0B948301BAFE7008C3749 /* Debug */,
				30C0B949301BAFE7008C3749 /* Release */,
			);
			defaultConfigurationIsVisible = 0;
			defaultConfigurationName = Release;
		};
/* End XCConfigurationList section */

/* Begin XCRemoteSwiftPackageReference section */
		30C0B952301BB1CD008C3749 /* XCRemoteSwiftPackageReference "firebase-ios-sdk" */ = {
			isa = XCRemoteSwiftPackageReference;
			repositoryURL = "https://github.com/firebase/firebase-ios-sdk";
			requirement = {
				kind = upToNextMajorVersion;
				minimumVersion = 10.17.0;
			};
		};
/* End XCRemoteSwiftPackageReference section */

/* Begin XCSwiftPackageProductDependency section */
		30C0B953301BB1CD008C3749 /* FirebaseAppCheck */ = {
			isa = XCSwiftPackageProductDependency;
			package = 30C0B952301BB1CD008C3749 /* XCRemoteSwiftPackageReference "firebase-ios-sdk" */;
			productName = FirebaseAppCheck;
		};
		30C0B955301BB1CD008C3749 /* FirebaseDatabase */ = {
			isa = XCSwiftPackageProductDependency;
			package = 30C0B952301BB1CD008C3749 /* XCRemoteSwiftPackageReference "firebase-ios-sdk" */;
			productName = FirebaseDatabase;
		};
		30C0B957301BB1CD008C3749 /* FirebaseFirestore */ = {
			isa = XCSwiftPackageProductDependency;
			package = 30C0B952301BB1CD008C3749 /* XCRemoteSwiftPackageReference "firebase-ios-sdk" */;
			productName = FirebaseFirestore;
		};
/* End XCSwiftPackageProductDependency section */
	};
	rootObject = 30C0B931301BAFE3008C3749 /* Project object */;
}
